
Microsoft Visual Studio Solution File, Format Version 12.00
# Visual Studio Version 17
VisualStudioVersion = 17.7.34024.191
MinimumVisualStudioVersion = 10.0.40219.1
Project("{8BC9CEB8-8B4A-11D0-8D11-00A0C91BC942}") = "lab1", "Algorithms1\Algorithms1.vcxproj", "{2050E7D4-60D7-4863-8629-FDA0CA5743CF}"
EndProject
Project("{8BC9CEB8-8B4A-11D0-8D11-00A0C91BC942}") = "lab2", "stack\stack.vcxproj", "{323FF450-359E-4350-A6ED-B7447B6064BB}"
EndProject
Project("{8BC9CEB8-8B4A-11D0-8D11-00A0C91BC942}") = "lab3", "Tree\Tree.vcxproj", "{942201C1-9493-498F-B5FB-F928D1C2B768}"
EndProject
Project("{8BC9CEB8-8B4A-11D0-8D11-00A0C91BC942}") = "setStackQue", "setStackQue\setStackQue.vcxproj", "{F440AEFB-948E-4CF9-88A7-51C8830B5666}"
EndProject
Project("{8BC9CEB8-8B4A-11D0-8D11-00A0C91BC942}") = "snake", "tests\tests.vcxproj", "{D6D17C57-1E18-4C40-A25C-68C7578CEA35}"
EndProject
Project("{8BC9CEB8-8B4A-11D0-8D11-00A0C91BC942}") = "lab4", "graph\graph.vcxproj", "{0D734FCA-D525-4163-8C5C-5591051E4B9D}"
EndProject
Project("{8BC9CEB8-8B4A-11D0-8D11-00A0C91BC942}") = "lab5", "lab5\lab5.vcxproj", "{C9ADB4D3-E055-4887-A592-18716352F8BF}"
EndProject
Global
	GlobalSection(SolutionConfigurationPlatforms) = preSolution
		Debug|x64 = Debug|x64
		Debug|x86 = Debug|x86
		Release|x64 = Release|x64
		Release|x86 = Release|x86
	EndGlobalSection
	GlobalSection(ProjectConfigurationPlatforms) = postSolution
		{2050E7D4-60D7-4863-8629-FDA0CA5743CF}.Debug|x64.ActiveCfg = Debug|x64
		{2050E7D4-60D7-4863-8629-FDA0CA5743CF}.Debug|x64.Build.0 = Debug|x64
		{2050E7D4-60D7-4863-8629-FDA0CA5743CF}.Debug|x86.ActiveCfg = Debug|Win32
		{2050E7D4-60D7-4863-8629-FDA0CA5743CF}.Debug|x86.Build.0 = Debug|Win32
		{2050E7D4-60D7-4863-8629-FDA0CA5743CF}.Release|x64.ActiveCfg = Release|x64
		{2050E7D4-60D7-4863-8629-FDA0CA5743CF}.Release|x64.Build.0 = Release|x64
		{2050E7D4-60D7-4863-8629-FDA0CA5743CF}.Release|x86.ActiveCfg = Release|Win32
		{2050E7D4-60D7-4863-8629-FDA0CA5743CF}.Release|x86.Build.0 = Release|Win32
		{323FF450-359E-4350-A6ED-B7447B6064BB}.Debug|x64.ActiveCfg = Debug|x64
		{323FF450-359E-4350-A6ED-B7447B6064BB}.Debug|x64.Build.0 = Debug|x64
		{323FF450-359E-4350-A6ED-B7447B6064BB}.Debug|x86.ActiveCfg = Debug|Win32
		{323FF450-359E-4350-A6ED-B7447B6064BB}.Debug|x86.Build.0 = Debug|Win32
		{323FF450-359E-4350-A6ED-B7447B6064BB}.Release|x64.ActiveCfg = Release|x64
		{323FF450-359E-4350-A6ED-B7447B6064BB}.Release|x64.Build.0 = Release|x64
		{323FF450-359E-4350-A6ED-B7447B6064BB}.Release|x86.ActiveCfg = Release|Win32
		{323FF450-359E-4350-A6ED-B7447B6064BB}.Release|x86.Build.0 = Release|Win32
		{942201C1-9493-498F-B5FB-F928D1C2B768}.Debug|x64.ActiveCfg = Debug|x64
		{942201C1-9493-498F-B5FB-F928D1C2B768}.Debug|x64.Build.0 = Debug|x64
		{942201C1-9493-498F-B5FB-F928D1C2B768}.Debug|x86.ActiveCfg = Debug|Win32
		{942201C1-9493-498F-B5FB-F928D1C2B768}.Debug|x86.Build.0 = Debug|Win32
		{942201C1-9493-498F-B5FB-F928D1C2B768}.Release|x64.ActiveCfg = Release|x64
		{942201C1-9493-498F-B5FB-F928D1C2B768}.Release|x64.Build.0 = Release|x64
		{942201C1-9493-498F-B5FB-F928D1C2B768}.Release|x86.ActiveCfg = Release|Win32
		{942201C1-9493-498F-B5FB-F928D1C2B768}.Release|x86.Build.0 = Release|Win32
		{F440AEFB-948E-4CF9-88A7-51C8830B5666}.Debug|x64.ActiveCfg = Debug|x64
		{F440AEFB-948E-4CF9-88A7-51C8830B5666}.Debug|x64.Build.0 = Debug|x64
		{F440AEFB-948E-4CF9-88A7-51C8830B5666}.Debug|x86.ActiveCfg = Debug|Win32
		{F440AEFB-948E-4CF9-88A7-51C8830B5666}.Debug|x86.Build.0 = Debug|Win32
		{F440AEFB-948E-4CF9-88A7-51C8830B5666}.Release|x64.ActiveCfg = Release|x64
		{F440AEFB-948E-4CF9-88A7-51C8830B5666}.Release|x64.Build.0 = Release|x64
		{F440AEFB-948E-4CF9-88A7-51C8830B5666}.Release|x86.ActiveCfg = Release|Win32
		{F440AEFB-948E-4CF9-88A7-51C8830B5666}.Release|x86.Build.0 = Release|Win32
		{D6D17C57-1E18-4C40-A25C-68C7578CEA35}.Debug|x64.ActiveCfg = Debug|x64
		{D6D17C57-1E18-4C40-A25C-68C7578CEA35}.Debug|x64.Build.0 = Debug|x64
		{D6D17C57-1E18-4C40-A25C-68C7578CEA35}.Debug|x86.ActiveCfg = Debug|Win32
		{D6D17C57-1E18-4C40-A25C-68C7578CEA35}.Debug|x86.Build.0 = Debug|Win32
		{D6D17C57-1E18-4C40-A25C-68C7578CEA35}.Release|x64.ActiveCfg = Release|x64
		{D6D17C57-1E18-4C40-A25C-68C7578CEA35}.Release|x64.Build.0 = Release|x64
		{D6D17C57-1E18-4C40-A25C-68C7578CEA35}.Release|x86.ActiveCfg = Release|Win32
		{D6D17C57-1E18-4C40-A25C-68C7578CEA35}.Release|x86.Build.0 = Release|Win32
		{0D734FCA-D525-4163-8C5C-5591051E4B9D}.Debug|x64.ActiveCfg = Debug|x64
		{0D734FCA-D525-4163-8C5C-5591051E4B9D}.Debug|x64.Build.0 = Debug|x64
		{0D734FCA-D525-4163-8C5C-5591051E4B9D}.Debug|x86.ActiveCfg = Debug|Win32
		{0D734FCA-D525-4163-8C5C-5591051E4B9D}.Debug|x86.Build.0 = Debug|Win32
		{0D734FCA-D525-4163-8C5C-5591051E4B9D}.Release|x64.ActiveCfg = Release|x64
		{0D734FCA-D525-4163-8C5C-5591051E4B9D}.Release|x64.Build.0 = Release|x64
		{0D734FCA-D525-4163-8C5C-5591051E4B9D}.Release|x86.ActiveCfg = Release|Win32
		{0D734FCA-D525-4163-8C5C-5591051E4B9D}.Release|x86.Build.0 = Release|Win32
		{C9ADB4D3-E055-4887-A592-18716352F8BF}.Debug|x64.ActiveCfg = Debug|x64
		{C9ADB4D3-E055-4887-A592-18716352F8BF}.Debug|x64.Build.0 = Debug|x64
		{C9ADB4D3-E055-4887-A592-18716352F8BF}.Debug|x86.ActiveCfg = Debug|Win32
		{C9ADB4D3-E055-4887-A592-18716352F8BF}.Debug|x86.Build.0 = Debug|Win32
		{C9ADB4D3-E055-4887-A592-18716352F8BF}.Release|x64.ActiveCfg = Release|x64
		{C9ADB4D3-E055-4887-A592-18716352F8BF}.Release|x64.Build.0 = Release|x64
		{C9ADB4D3-E055-4887-A592-18716352F8BF}.Release|x86.ActiveCfg = Release|Win32
		{C9ADB4D3-E055-4887-A592-18716352F8BF}.Release|x86.Build.0 = Release|Win32
	EndGlobalSection
	GlobalSection(SolutionProperties) = preSolution
		HideSolutionNode = FALSE
	EndGlobalSection
	GlobalSection(ExtensibilityGlobals) = postSolution
		SolutionGuid = {82095AD4-53F3-40E6-A5DB-D827E9C42997}
	EndGlobalSection
EndGlobal
